// !$*UTF8*$!
{
	archiveVersion = 1;
	classes = {
	};
	objectVersion = 46;
	objects = {

/* Begin PBXBuildFile section */
		0EB2177AD3B602D9B1C7DE0A /* libPods.a in Frameworks */ = {isa = PBXBuildFile; fileRef = D3068A36ED7B1598FD8BC907 /* libPods.a */; };
		2417851B1CB38E580083BF43 /* NSString+More.m in Sources */ = {isa = PBXBuildFile; fileRef = 241784FE1CB38E580083BF43 /* NSString+More.m */; };
		2417851C1CB38E580083BF43 /* UILabel+StringFrame.m in Sources */ = {isa = PBXBuildFile; fileRef = 241785001CB38E580083BF43 /* UILabel+StringFrame.m */; };
		2417851D1CB38E580083BF43 /* UITextView+PlaceHolder.m in Sources */ = {isa = PBXBuildFile; fileRef = 241785021CB38E580083BF43 /* UITextView+PlaceHolder.m */; };
		2417851E1CB38E580083BF43 /* UIView+RGSize.m in Sources */ = {isa = PBXBuildFile; fileRef = 241785041CB38E580083BF43 /* UIView+RGSize.m */; };
		241785211CB38E580083BF43 /* JLCache.m in Sources */ = {isa = PBXBuildFile; fileRef = 2417850C1CB38E580083BF43 /* JLCache.m */; };
		241785221CB38E580083BF43 /* StorageCache.m in Sources */ = {isa = PBXBuildFile; fileRef = 2417850E1CB38E580083BF43 /* StorageCache.m */; };
		241785241CB38E580083BF43 /* TableRefresh.m in Sources */ = {isa = PBXBuildFile; fileRef = 241785141CB38E580083BF43 /* TableRefresh.m */; };
		241785251CB38E580083BF43 /* JLTipsView.m in Sources */ = {isa = PBXBuildFile; fileRef = 241785171CB38E580083BF43 /* JLTipsView.m */; };
		241785261CB38E580083BF43 /* TimeUtils.m in Sources */ = {isa = PBXBuildFile; fileRef = 2417851A1CB38E580083BF43 /* TimeUtils.m */; };
		241785461CB38E620083BF43 /* BaseVController.m in Sources */ = {isa = PBXBuildFile; fileRef = 2417852C1CB38E620083BF43 /* BaseVController.m */; };
		241785471CB38E620083BF43 /* RootNaviVCtroller.m in Sources */ = {isa = PBXBuildFile; fileRef = 2417852F1CB38E620083BF43 /* RootNaviVCtroller.m */; };
		241785481CB38E620083BF43 /* Login.m in Sources */ = {isa = PBXBuildFile; fileRef = 241785321CB38E620083BF43 /* Login.m */; };
		241785491CB38E620083BF43 /* ProfileVController.m in Sources */ = {isa = PBXBuildFile; fileRef = 241785341CB38E620083BF43 /* ProfileVController.m */; };
		2417854A1CB38E620083BF43 /* SetUpVController.m in Sources */ = {isa = PBXBuildFile; fileRef = 241785361CB38E620083BF43 /* SetUpVController.m */; };
		2417854B1CB38E620083BF43 /* SetUpVController.xib in Resources */ = {isa = PBXBuildFile; fileRef = 241785371CB38E620083BF43 /* SetUpVController.xib */; };
		2417854C1CB38E620083BF43 /* UserInfoVController.m in Sources */ = {isa = PBXBuildFile; fileRef = 241785391CB38E620083BF43 /* UserInfoVController.m */; };
		2417854D1CB38E620083BF43 /* UserInfoVController.xib in Resources */ = {isa = PBXBuildFile; fileRef = 2417853A1CB38E620083BF43 /* UserInfoVController.xib */; };
		2417854E1CB38E620083BF43 /* UserLoginVController.m in Sources */ = {isa = PBXBuildFile; fileRef = 2417853C1CB38E620083BF43 /* UserLoginVController.m */; };
		2417854F1CB38E620083BF43 /* UserLoginVController.xib in Resources */ = {isa = PBXBuildFile; fileRef = 2417853D1CB38E620083BF43 /* UserLoginVController.xib */; };
		241785501CB38E620083BF43 /* DataModels.m in Sources */ = {isa = PBXBuildFile; fileRef = 241785401CB38E620083BF43 /* DataModels.m */; };
		241785511CB38E620083BF43 /* AFNetworkManager.m in Sources */ = {isa = PBXBuildFile; fileRef = 241785431CB38E620083BF43 /* AFNetworkManager.m */; };
		241F61721CBF7D88008F56A5 /* CustomAnnotation.m in Sources */ = {isa = PBXBuildFile; fileRef = 241F61711CBF7D88008F56A5 /* CustomAnnotation.m */; };
		241F61751CBF8194008F56A5 /* CustomAnnotationView.m in Sources */ = {isa = PBXBuildFile; fileRef = 241F61741CBF8194008F56A5 /* CustomAnnotationView.m */; };
		241F61771CBF9696008F56A5 /* CustomAnnotationView.xib in Resources */ = {isa = PBXBuildFile; fileRef = 241F61761CBF9696008F56A5 /* CustomAnnotationView.xib */; };
		241F617B1CBFA232008F56A5 /* TruckInfoVC.m in Sources */ = {isa = PBXBuildFile; fileRef = 241F61791CBFA232008F56A5 /* TruckInfoVC.m */; };
		241F617C1CBFA232008F56A5 /* TruckInfoVC.xib in Resources */ = {isa = PBXBuildFile; fileRef = 241F617A1CBFA232008F56A5 /* TruckInfoVC.xib */; };
		243451261CC5D7920061D66E /* MessageCenterVC.m in Sources */ = {isa = PBXBuildFile; fileRef = 243451251CC5D7920061D66E /* MessageCenterVC.m */; };
		2434512A1CC5F3760061D66E /* MessageTableCell.m in Sources */ = {isa = PBXBuildFile; fileRef = 243451281CC5F3760061D66E /* MessageTableCell.m */; };
		2434512B1CC5F3760061D66E /* MessageTableCell.xib in Resources */ = {isa = PBXBuildFile; fileRef = 243451291CC5F3760061D66E /* MessageTableCell.xib */; };
		243F30D81CB4B33B00E4B66F /* CarBarnVController.m in Sources */ = {isa = PBXBuildFile; fileRef = 243F30D71CB4B33B00E4B66F /* CarBarnVController.m */; };
		243F30DC1CB4B83400E4B66F /* TruckInfoTableCell.m in Sources */ = {isa = PBXBuildFile; fileRef = 243F30DA1CB4B83400E4B66F /* TruckInfoTableCell.m */; };
		243F30DD1CB4B83400E4B66F /* TruckInfoTableCell.xib in Resources */ = {isa = PBXBuildFile; fileRef = 243F30DB1CB4B83400E4B66F /* TruckInfoTableCell.xib */; };
		243F30E11CB5040100E4B66F /* TracePlayVController.m in Sources */ = {isa = PBXBuildFile; fileRef = 243F30DF1CB5040100E4B66F /* TracePlayVController.m */; };
		243F30E21CB5040100E4B66F /* TracePlayVController.xib in Resources */ = {isa = PBXBuildFile; fileRef = 243F30E01CB5040100E4B66F /* TracePlayVController.xib */; };
		24413E701CC8B5DC00ADBA0F /* TruckOnMapVC.m in Sources */ = {isa = PBXBuildFile; fileRef = 24413E6E1CC8B5DC00ADBA0F /* TruckOnMapVC.m */; };
		244262BF1CC71E220024550F /* ProfileHeaderView.m in Sources */ = {isa = PBXBuildFile; fileRef = 244262BE1CC71E220024550F /* ProfileHeaderView.m */; };
		244262C11CC71E340024550F /* ProfileHeaderView.xib in Resources */ = {isa = PBXBuildFile; fileRef = 244262C01CC71E340024550F /* ProfileHeaderView.xib */; };
		244262C51CC7653F0024550F /* JLSlider.m in Sources */ = {isa = PBXBuildFile; fileRef = 244262C41CC7653F0024550F /* JLSlider.m */; };
		2475550E1CCA014500299331 /* AboutVController.m in Sources */ = {isa = PBXBuildFile; fileRef = 2475550C1CCA014500299331 /* AboutVController.m */; };
		2475550F1CCA014500299331 /* AboutVController.xib in Resources */ = {isa = PBXBuildFile; fileRef = 2475550D1CCA014500299331 /* AboutVController.xib */; };
		247555131CCA017A00299331 /* FeedbackVController.m in Sources */ = {isa = PBXBuildFile; fileRef = 247555111CCA017A00299331 /* FeedbackVController.m */; };
		247555141CCA017A00299331 /* FeedbackVController.xib in Resources */ = {isa = PBXBuildFile; fileRef = 247555121CCA017A00299331 /* FeedbackVController.xib */; };
		247555181CCA0E0A00299331 /* ResetPwdVC.m in Sources */ = {isa = PBXBuildFile; fileRef = 247555161CCA0E0A00299331 /* ResetPwdVC.m */; };
		247555191CCA0E0A00299331 /* ResetPwdVC.xib in Resources */ = {isa = PBXBuildFile; fileRef = 247555171CCA0E0A00299331 /* ResetPwdVC.xib */; };
		2475551D1CCA12E200299331 /* MessagePushVC.m in Sources */ = {isa = PBXBuildFile; fileRef = 2475551B1CCA12E200299331 /* MessagePushVC.m */; };
		2475551E1CCA12E200299331 /* MessagePushVC.xib in Resources */ = {isa = PBXBuildFile; fileRef = 2475551C1CCA12E200299331 /* MessagePushVC.xib */; };
		247555221CCA159B00299331 /* MsgPushTableCell.m in Sources */ = {isa = PBXBuildFile; fileRef = 247555201CCA159B00299331 /* MsgPushTableCell.m */; };
		247555231CCA159B00299331 /* MsgPushTableCell.xib in Resources */ = {isa = PBXBuildFile; fileRef = 247555211CCA159B00299331 /* MsgPushTableCell.xib */; };
		249268F71CB364F800AB34D6 /* main.m in Sources */ = {isa = PBXBuildFile; fileRef = 249268F61CB364F800AB34D6 /* main.m */; };
		249268FA1CB364F800AB34D6 /* AppDelegate.m in Sources */ = {isa = PBXBuildFile; fileRef = 249268F91CB364F800AB34D6 /* AppDelegate.m */; };
		249268FD1CB364F800AB34D6 /* MainTabBarVC.m in Sources */ = {isa = PBXBuildFile; fileRef = 249268FC1CB364F800AB34D6 /* MainTabBarVC.m */; };
		249269001CB364F800AB34D6 /* Main.storyboard in Resources */ = {isa = PBXBuildFile; fileRef = 249268FE1CB364F800AB34D6 /* Main.storyboard */; };
		249269021CB364F800AB34D6 /* Assets.xcassets in Resources */ = {isa = PBXBuildFile; fileRef = 249269011CB364F800AB34D6 /* Assets.xcassets */; };
		249269051CB364F800AB34D6 /* LaunchScreen.storyboard in Resources */ = {isa = PBXBuildFile; fileRef = 249269031CB364F800AB34D6 /* LaunchScreen.storyboard */; };
		249269101CB364F800AB34D6 /* HCBSYSTEMTests.m in Sources */ = {isa = PBXBuildFile; fileRef = 2492690F1CB364F800AB34D6 /* HCBSYSTEMTests.m */; };
		2492691B1CB364F900AB34D6 /* HCBSYSTEMUITests.m in Sources */ = {isa = PBXBuildFile; fileRef = 2492691A1CB364F900AB34D6 /* HCBSYSTEMUITests.m */; };
/* End PBXBuildFile section */

/* Begin PBXContainerItemProxy section */
		2492690C1CB364F800AB34D6 /* PBXContainerItemProxy */ = {
			isa = PBXContainerItemProxy;
			containerPortal = 249268EA1CB364F800AB34D6 /* Project object */;
			proxyType = 1;
			remoteGlobalIDString = 249268F11CB364F800AB34D6;
			remoteInfo = HCBSYSTEM;
		};
		249269171CB364F900AB34D6 /* PBXContainerItemProxy */ = {
			isa = PBXContainerItemProxy;
			containerPortal = 249268EA1CB364F800AB34D6 /* Project object */;
			proxyType = 1;
			remoteGlobalIDString = 249268F11CB364F800AB34D6;
			remoteInfo = HCBSYSTEM;
		};
/* End PBXContainerItemProxy section */

/* Begin PBXFileReference section */
		241784FD1CB38E580083BF43 /* NSString+More.h */ = {isa = PBXFileReference; fileEncoding = 4; lastKnownFileType = sourcecode.c.h; path = "NSString+More.h"; sourceTree = "<group>"; };
		241784FE1CB38E580083BF43 /* NSString+More.m */ = {isa = PBXFileReference; fileEncoding = 4; lastKnownFileType = sourcecode.c.objc; path = "NSString+More.m"; sourceTree = "<group>"; };
		241784FF1CB38E580083BF43 /* UILabel+StringFrame.h */ = {isa = PBXFileReference; fileEncoding = 4; lastKnownFileType = sourcecode.c.h; path = "UILabel+StringFrame.h"; sourceTree = "<group>"; };
		241785001CB38E580083BF43 /* UILabel+StringFrame.m */ = {isa = PBXFileReference; fileEncoding = 4; lastKnownFileType = sourcecode.c.objc; path = "UILabel+StringFrame.m"; sourceTree = "<group>"; };
		241785011CB38E580083BF43 /* UITextView+PlaceHolder.h */ = {isa = PBXFileReference; fileEncoding = 4; lastKnownFileType = sourcecode.c.h; path = "UITextView+PlaceHolder.h"; sourceTree = "<group>"; };
		241785021CB38E580083BF43 /* UITextView+PlaceHolder.m */ = {isa = PBXFileReference; fileEncoding = 4; lastKnownFileType = sourcecode.c.objc; path = "UITextView+PlaceHolder.m"; sourceTree = "<group>"; };
		241785031CB38E580083BF43 /* UIView+RGSize.h */ = {isa = PBXFileReference; fileEncoding = 4; lastKnownFileType = sourcecode.c.h; path = "UIView+RGSize.h"; sourceTree = "<group>"; };
		241785041CB38E580083BF43 /* UIView+RGSize.m */ = {isa = PBXFileReference; fileEncoding = 4; lastKnownFileType = sourcecode.c.objc; path = "UIView+RGSize.m"; sourceTree = "<group>"; };
		2417850B1CB38E580083BF43 /* JLCache.h */ = {isa = PBXFileReference; fileEncoding = 4; lastKnownFileType = sourcecode.c.h; path = JLCache.h; sourceTree = "<group>"; };
		2417850C1CB38E580083BF43 /* JLCache.m */ = {isa = PBXFileReference; fileEncoding = 4; lastKnownFileType = sourcecode.c.objc; path = JLCache.m; sourceTree = "<group>"; };
		2417850D1CB38E580083BF43 /* StorageCache.h */ = {isa = PBXFileReference; fileEncoding = 4; lastKnownFileType = sourcecode.c.h; path = StorageCache.h; sourceTree = "<group>"; };
		2417850E1CB38E580083BF43 /* StorageCache.m */ = {isa = PBXFileReference; fileEncoding = 4; lastKnownFileType = sourcecode.c.objc; path = StorageCache.m; sourceTree = "<group>"; };
		241785131CB38E580083BF43 /* TableRefresh.h */ = {isa = PBXFileReference; fileEncoding = 4; lastKnownFileType = sourcecode.c.h; path = TableRefresh.h; sourceTree = "<group>"; };
		241785141CB38E580083BF43 /* TableRefresh.m */ = {isa = PBXFileReference; fileEncoding = 4; lastKnownFileType = sourcecode.c.objc; path = TableRefresh.m; sourceTree = "<group>"; };
		241785161CB38E580083BF43 /* JLTipsView.h */ = {isa = PBXFileReference; fileEncoding = 4; lastKnownFileType = sourcecode.c.h; path = JLTipsView.h; sourceTree = "<group>"; };
		241785171CB38E580083BF43 /* JLTipsView.m */ = {isa = PBXFileReference; fileEncoding = 4; lastKnownFileType = sourcecode.c.objc; path = JLTipsView.m; sourceTree = "<group>"; };
		241785191CB38E580083BF43 /* TimeUtils.h */ = {isa = PBXFileReference; fileEncoding = 4; lastKnownFileType = sourcecode.c.h; path = TimeUtils.h; sourceTree = "<group>"; };
		2417851A1CB38E580083BF43 /* TimeUtils.m */ = {isa = PBXFileReference; fileEncoding = 4; lastKnownFileType = sourcecode.c.objc; path = TimeUtils.m; sourceTree = "<group>"; };
		2417852B1CB38E620083BF43 /* BaseVController.h */ = {isa = PBXFileReference; fileEncoding = 4; lastKnownFileType = sourcecode.c.h; path = BaseVController.h; sourceTree = "<group>"; };
		2417852C1CB38E620083BF43 /* BaseVController.m */ = {isa = PBXFileReference; fileEncoding = 4; lastKnownFileType = sourcecode.c.objc; path = BaseVController.m; sourceTree = "<group>"; };
		2417852E1CB38E620083BF43 /* RootNaviVCtroller.h */ = {isa = PBXFileReference; fileEncoding = 4; lastKnownFileType = sourcecode.c.h; path = RootNaviVCtroller.h; sourceTree = "<group>"; };
		2417852F1CB38E620083BF43 /* RootNaviVCtroller.m */ = {isa = PBXFileReference; fileEncoding = 4; lastKnownFileType = sourcecode.c.objc; path = RootNaviVCtroller.m; sourceTree = "<group>"; };
		241785311CB38E620083BF43 /* Login.h */ = {isa = PBXFileReference; fileEncoding = 4; lastKnownFileType = sourcecode.c.h; path = Login.h; sourceTree = "<group>"; };
		241785321CB38E620083BF43 /* Login.m */ = {isa = PBXFileReference; fileEncoding = 4; lastKnownFileType = sourcecode.c.objc; path = Login.m; sourceTree = "<group>"; };
		241785331CB38E620083BF43 /* ProfileVController.h */ = {isa = PBXFileReference; fileEncoding = 4; lastKnownFileType = sourcecode.c.h; path = ProfileVController.h; sourceTree = "<group>"; };
		241785341CB38E620083BF43 /* ProfileVController.m */ = {isa = PBXFileReference; fileEncoding = 4; lastKnownFileType = sourcecode.c.objc; path = ProfileVController.m; sourceTree = "<group>"; };
		241785351CB38E620083BF43 /* SetUpVController.h */ = {isa = PBXFileReference; fileEncoding = 4; lastKnownFileType = sourcecode.c.h; path = SetUpVController.h; sourceTree = "<group>"; };
		241785361CB38E620083BF43 /* SetUpVController.m */ = {isa = PBXFileReference; fileEncoding = 4; lastKnownFileType = sourcecode.c.objc; path = SetUpVController.m; sourceTree = "<group>"; };
		241785371CB38E620083BF43 /* SetUpVController.xib */ = {isa = PBXFileReference; fileEncoding = 4; lastKnownFileType = file.xib; path = SetUpVController.xib; sourceTree = "<group>"; };
		241785381CB38E620083BF43 /* UserInfoVController.h */ = {isa = PBXFileReference; fileEncoding = 4; lastKnownFileType = sourcecode.c.h; path = UserInfoVController.h; sourceTree = "<group>"; };
		241785391CB38E620083BF43 /* UserInfoVController.m */ = {isa = PBXFileReference; fileEncoding = 4; lastKnownFileType = sourcecode.c.objc; path = UserInfoVController.m; sourceTree = "<group>"; };
		2417853A1CB38E620083BF43 /* UserInfoVController.xib */ = {isa = PBXFileReference; fileEncoding = 4; lastKnownFileType = file.xib; path = UserInfoVController.xib; sourceTree = "<group>"; };
		2417853B1CB38E620083BF43 /* UserLoginVController.h */ = {isa = PBXFileReference; fileEncoding = 4; lastKnownFileType = sourcecode.c.h; path = UserLoginVController.h; sourceTree = "<group>"; };
		2417853C1CB38E620083BF43 /* UserLoginVController.m */ = {isa = PBXFileReference; fileEncoding = 4; lastKnownFileType = sourcecode.c.objc; path = UserLoginVController.m; sourceTree = "<group>"; };
		2417853D1CB38E620083BF43 /* UserLoginVController.xib */ = {isa = PBXFileReference; fileEncoding = 4; lastKnownFileType = file.xib; path = UserLoginVController.xib; sourceTree = "<group>"; };
		2417853F1CB38E620083BF43 /* DataModels.h */ = {isa = PBXFileReference; fileEncoding = 4; lastKnownFileType = sourcecode.c.h; path = DataModels.h; sourceTree = "<group>"; };
		241785401CB38E620083BF43 /* DataModels.m */ = {isa = PBXFileReference; fileEncoding = 4; lastKnownFileType = sourcecode.c.objc; path = DataModels.m; sourceTree = "<group>"; };
		241785421CB38E620083BF43 /* AFNetworkManager.h */ = {isa = PBXFileReference; fileEncoding = 4; lastKnownFileType = sourcecode.c.h; path = AFNetworkManager.h; sourceTree = "<group>"; };
		241785431CB38E620083BF43 /* AFNetworkManager.m */ = {isa = PBXFileReference; fileEncoding = 4; lastKnownFileType = sourcecode.c.objc; path = AFNetworkManager.m; sourceTree = "<group>"; };
		241785441CB38E620083BF43 /* URLConstants.h */ = {isa = PBXFileReference; fileEncoding = 4; lastKnownFileType = sourcecode.c.h; path = URLConstants.h; sourceTree = "<group>"; };
		241785531CB396430083BF43 /* CarManage.pch */ = {isa = PBXFileReference; lastKnownFileType = sourcecode.c.h; path = CarManage.pch; sourceTree = "<group>"; };
		241F61701CBF7D88008F56A5 /* CustomAnnotation.h */ = {isa = PBXFileReference; fileEncoding = 4; lastKnownFileType = sourcecode.c.h; path = CustomAnnotation.h; sourceTree = "<group>"; };
		241F61711CBF7D88008F56A5 /* CustomAnnotation.m */ = {isa = PBXFileReference; fileEncoding = 4; lastKnownFileType = sourcecode.c.objc; path = CustomAnnotation.m; sourceTree = "<group>"; };
		241F61731CBF8194008F56A5 /* CustomAnnotationView.h */ = {isa = PBXFileReference; fileEncoding = 4; lastKnownFileType = sourcecode.c.h; name = CustomAnnotationView.h; path = ../Controller/CarBarn/CustomAnnotationView.h; sourceTree = "<group>"; };
		241F61741CBF8194008F56A5 /* CustomAnnotationView.m */ = {isa = PBXFileReference; fileEncoding = 4; lastKnownFileType = sourcecode.c.objc; name = CustomAnnotationView.m; path = ../Controller/CarBarn/CustomAnnotationView.m; sourceTree = "<group>"; };
		241F61761CBF9696008F56A5 /* CustomAnnotationView.xib */ = {isa = PBXFileReference; fileEncoding = 4; lastKnownFileType = file.xib; name = CustomAnnotationView.xib; path = ../Controller/CarBarn/CustomAnnotationView.xib; sourceTree = "<group>"; };
		241F61781CBFA232008F56A5 /* TruckInfoVC.h */ = {isa = PBXFileReference; fileEncoding = 4; lastKnownFileType = sourcecode.c.h; path = TruckInfoVC.h; sourceTree = "<group>"; };
		241F61791CBFA232008F56A5 /* TruckInfoVC.m */ = {isa = PBXFileReference; fileEncoding = 4; lastKnownFileType = sourcecode.c.objc; path = TruckInfoVC.m; sourceTree = "<group>"; };
		241F617A1CBFA232008F56A5 /* TruckInfoVC.xib */ = {isa = PBXFileReference; fileEncoding = 4; lastKnownFileType = file.xib; path = TruckInfoVC.xib; sourceTree = "<group>"; };
		243451241CC5D7920061D66E /* MessageCenterVC.h */ = {isa = PBXFileReference; fileEncoding = 4; lastKnownFileType = sourcecode.c.h; path = MessageCenterVC.h; sourceTree = "<group>"; };
		243451251CC5D7920061D66E /* MessageCenterVC.m */ = {isa = PBXFileReference; fileEncoding = 4; lastKnownFileType = sourcecode.c.objc; path = MessageCenterVC.m; sourceTree = "<group>"; };
		243451271CC5F3760061D66E /* MessageTableCell.h */ = {isa = PBXFileReference; fileEncoding = 4; lastKnownFileType = sourcecode.c.h; path = MessageTableCell.h; sourceTree = "<group>"; };
		243451281CC5F3760061D66E /* MessageTableCell.m */ = {isa = PBXFileReference; fileEncoding = 4; lastKnownFileType = sourcecode.c.objc; path = MessageTableCell.m; sourceTree = "<group>"; };
		243451291CC5F3760061D66E /* MessageTableCell.xib */ = {isa = PBXFileReference; fileEncoding = 4; lastKnownFileType = file.xib; path = MessageTableCell.xib; sourceTree = "<group>"; };
		243F30D61CB4B33B00E4B66F /* CarBarnVController.h */ = {isa = PBXFileReference; fileEncoding = 4; lastKnownFileType = sourcecode.c.h; path = CarBarnVController.h; sourceTree = "<group>"; };
		243F30D71CB4B33B00E4B66F /* CarBarnVController.m */ = {isa = PBXFileReference; fileEncoding = 4; lastKnownFileType = sourcecode.c.objc; path = CarBarnVController.m; sourceTree = "<group>"; };
		243F30D91CB4B83400E4B66F /* TruckInfoTableCell.h */ = {isa = PBXFileReference; fileEncoding = 4; lastKnownFileType = sourcecode.c.h; path = TruckInfoTableCell.h; sourceTree = "<group>"; };
		243F30DA1CB4B83400E4B66F /* TruckInfoTableCell.m */ = {isa = PBXFileReference; fileEncoding = 4; lastKnownFileType = sourcecode.c.objc; path = TruckInfoTableCell.m; sourceTree = "<group>"; };
		243F30DB1CB4B83400E4B66F /* TruckInfoTableCell.xib */ = {isa = PBXFileReference; fileEncoding = 4; lastKnownFileType = file.xib; path = TruckInfoTableCell.xib; sourceTree = "<group>"; };
		243F30DE1CB5040100E4B66F /* TracePlayVController.h */ = {isa = PBXFileReference; fileEncoding = 4; lastKnownFileType = sourcecode.c.h; path = TracePlayVController.h; sourceTree = "<group>"; };
		243F30DF1CB5040100E4B66F /* TracePlayVController.m */ = {isa = PBXFileReference; fileEncoding = 4; lastKnownFileType = sourcecode.c.objc; path = TracePlayVController.m; sourceTree = "<group>"; };
		243F30E01CB5040100E4B66F /* TracePlayVController.xib */ = {isa = PBXFileReference; fileEncoding = 4; lastKnownFileType = file.xib; path = TracePlayVController.xib; sourceTree = "<group>"; };
		24413E6D1CC8B5DC00ADBA0F /* TruckOnMapVC.h */ = {isa = PBXFileReference; fileEncoding = 4; lastKnownFileType = sourcecode.c.h; path = TruckOnMapVC.h; sourceTree = "<group>"; };
		24413E6E1CC8B5DC00ADBA0F /* TruckOnMapVC.m */ = {isa = PBXFileReference; fileEncoding = 4; lastKnownFileType = sourcecode.c.objc; path = TruckOnMapVC.m; sourceTree = "<group>"; };
		244262BD1CC71E220024550F /* ProfileHeaderView.h */ = {isa = PBXFileReference; fileEncoding = 4; lastKnownFileType = sourcecode.c.h; path = ProfileHeaderView.h; sourceTree = "<group>"; };
		244262BE1CC71E220024550F /* ProfileHeaderView.m */ = {isa = PBXFileReference; fileEncoding = 4; lastKnownFileType = sourcecode.c.objc; path = ProfileHeaderView.m; sourceTree = "<group>"; };
		244262C01CC71E340024550F /* ProfileHeaderView.xib */ = {isa = PBXFileReference; fileEncoding = 4; lastKnownFileType = file.xib; path = ProfileHeaderView.xib; sourceTree = "<group>"; };
		244262C31CC7653F0024550F /* JLSlider.h */ = {isa = PBXFileReference; fileEncoding = 4; lastKnownFileType = sourcecode.c.h; path = JLSlider.h; sourceTree = "<group>"; };
		244262C41CC7653F0024550F /* JLSlider.m */ = {isa = PBXFileReference; fileEncoding = 4; lastKnownFileType = sourcecode.c.objc; path = JLSlider.m; sourceTree = "<group>"; };
		2475550B1CCA014500299331 /* AboutVController.h */ = {isa = PBXFileReference; fileEncoding = 4; lastKnownFileType = sourcecode.c.h; path = AboutVController.h; sourceTree = "<group>"; };
		2475550C1CCA014500299331 /* AboutVController.m */ = {isa = PBXFileReference; fileEncoding = 4; lastKnownFileType = sourcecode.c.objc; path = AboutVController.m; sourceTree = "<group>"; };
		2475550D1CCA014500299331 /* AboutVController.xib */ = {isa = PBXFileReference; fileEncoding = 4; lastKnownFileType = file.xib; path = AboutVController.xib; sourceTree = "<group>"; };
		247555101CCA017A00299331 /* FeedbackVController.h */ = {isa = PBXFileReference; fileEncoding = 4; lastKnownFileType = sourcecode.c.h; path = FeedbackVController.h; sourceTree = "<group>"; };
		247555111CCA017A00299331 /* FeedbackVController.m */ = {isa = PBXFileReference; fileEncoding = 4; lastKnownFileType = sourcecode.c.objc; path = FeedbackVController.m; sourceTree = "<group>"; };
		247555121CCA017A00299331 /* FeedbackVController.xib */ = {isa = PBXFileReference; fileEncoding = 4; lastKnownFileType = file.xib; path = FeedbackVController.xib; sourceTree = "<group>"; };
		247555151CCA0E0A00299331 /* ResetPwdVC.h */ = {isa = PBXFileReference; fileEncoding = 4; lastKnownFileType = sourcecode.c.h; path = ResetPwdVC.h; sourceTree = "<group>"; };
		247555161CCA0E0A00299331 /* ResetPwdVC.m */ = {isa = PBXFileReference; fileEncoding = 4; lastKnownFileType = sourcecode.c.objc; path = ResetPwdVC.m; sourceTree = "<group>"; };
		247555171CCA0E0A00299331 /* ResetPwdVC.xib */ = {isa = PBXFileReference; fileEncoding = 4; lastKnownFileType = file.xib; path = ResetPwdVC.xib; sourceTree = "<group>"; };
		2475551A1CCA12E200299331 /* MessagePushVC.h */ = {isa = PBXFileReference; fileEncoding = 4; lastKnownFileType = sourcecode.c.h; path = MessagePushVC.h; sourceTree = "<group>"; };
		2475551B1CCA12E200299331 /* MessagePushVC.m */ = {isa = PBXFileReference; fileEncoding = 4; lastKnownFileType = sourcecode.c.objc; path = MessagePushVC.m; sourceTree = "<group>"; };
		2475551C1CCA12E200299331 /* MessagePushVC.xib */ = {isa = PBXFileReference; fileEncoding = 4; lastKnownFileType = file.xib; path = MessagePushVC.xib; sourceTree = "<group>"; };
		2475551F1CCA159B00299331 /* MsgPushTableCell.h */ = {isa = PBXFileReference; fileEncoding = 4; lastKnownFileType = sourcecode.c.h; path = MsgPushTableCell.h; sourceTree = "<group>"; };
		247555201CCA159B00299331 /* MsgPushTableCell.m */ = {isa = PBXFileReference; fileEncoding = 4; lastKnownFileType = sourcecode.c.objc; path = MsgPushTableCell.m; sourceTree = "<group>"; };
		247555211CCA159B00299331 /* MsgPushTableCell.xib */ = {isa = PBXFileReference; fileEncoding = 4; lastKnownFileType = file.xib; path = MsgPushTableCell.xib; sourceTree = "<group>"; };
		249268F21CB364F800AB34D6 /* HCBSYSTEM.app */ = {isa = PBXFileReference; explicitFileType = wrapper.application; includeInIndex = 0; path = HCBSYSTEM.app; sourceTree = BUILT_PRODUCTS_DIR; };
		249268F61CB364F800AB34D6 /* main.m */ = {isa = PBXFileReference; lastKnownFileType = sourcecode.c.objc; path = main.m; sourceTree = "<group>"; };
		249268F81CB364F800AB34D6 /* AppDelegate.h */ = {isa = PBXFileReference; lastKnownFileType = sourcecode.c.h; path = AppDelegate.h; sourceTree = "<group>"; };
		249268F91CB364F800AB34D6 /* AppDelegate.m */ = {isa = PBXFileReference; lastKnownFileType = sourcecode.c.objc; path = AppDelegate.m; sourceTree = "<group>"; };
		249268FB1CB364F800AB34D6 /* MainTabBarVC.h */ = {isa = PBXFileReference; lastKnownFileType = sourcecode.c.h; path = MainTabBarVC.h; sourceTree = "<group>"; };
		249268FC1CB364F800AB34D6 /* MainTabBarVC.m */ = {isa = PBXFileReference; lastKnownFileType = sourcecode.c.objc; path = MainTabBarVC.m; sourceTree = "<group>"; };
		249268FF1CB364F800AB34D6 /* Base */ = {isa = PBXFileReference; lastKnownFileType = file.storyboard; name = Base; path = Base.lproj/Main.storyboard; sourceTree = "<group>"; };
		249269011CB364F800AB34D6 /* Assets.xcassets */ = {isa = PBXFileReference; lastKnownFileType = folder.assetcatalog; path = Assets.xcassets; sourceTree = "<group>"; };
		249269041CB364F800AB34D6 /* Base */ = {isa = PBXFileReference; lastKnownFileType = file.storyboard; name = Base; path = Base.lproj/LaunchScreen.storyboard; sourceTree = "<group>"; };
		249269061CB364F800AB34D6 /* Info.plist */ = {isa = PBXFileReference; lastKnownFileType = text.plist.xml; path = Info.plist; sourceTree = "<group>"; };
		2492690B1CB364F800AB34D6 /* HCBSYSTEMTests.xctest */ = {isa = PBXFileReference; explicitFileType = wrapper.cfbundle; includeInIndex = 0; path = HCBSYSTEMTests.xctest; sourceTree = BUILT_PRODUCTS_DIR; };
		2492690F1CB364F800AB34D6 /* HCBSYSTEMTests.m */ = {isa = PBXFileReference; lastKnownFileType = sourcecode.c.objc; path = HCBSYSTEMTests.m; sourceTree = "<group>"; };
		249269111CB364F800AB34D6 /* Info.plist */ = {isa = PBXFileReference; lastKnownFileType = text.plist.xml; path = Info.plist; sourceTree = "<group>"; };
		249269161CB364F900AB34D6 /* HCBSYSTEMUITests.xctest */ = {isa = PBXFileReference; explicitFileType = wrapper.cfbundle; includeInIndex = 0; path = HCBSYSTEMUITests.xctest; sourceTree = BUILT_PRODUCTS_DIR; };
		2492691A1CB364F900AB34D6 /* HCBSYSTEMUITests.m */ = {isa = PBXFileReference; lastKnownFileType = sourcecode.c.objc; path = HCBSYSTEMUITests.m; sourceTree = "<group>"; };
		2492691C1CB364F900AB34D6 /* Info.plist */ = {isa = PBXFileReference; lastKnownFileType = text.plist.xml; path = Info.plist; sourceTree = "<group>"; };
		A64C76452DC0F5CDFD8DAA86 /* Pods.debug.xcconfig */ = {isa = PBXFileReference; includeInIndex = 1; lastKnownFileType = text.xcconfig; name = Pods.debug.xcconfig; path = "Pods/Target Support Files/Pods/Pods.debug.xcconfig"; sourceTree = "<group>"; };
		CC8CFE6ADAA14105E6150C8A /* Pods.release.xcconfig */ = {isa = PBXFileReference; includeInIndex = 1; lastKnownFileType = text.xcconfig; name = Pods.release.xcconfig; path = "Pods/Target Support Files/Pods/Pods.release.xcconfig"; sourceTree = "<group>"; };
		D3068A36ED7B1598FD8BC907 /* libPods.a */ = {isa = PBXFileReference; explicitFileType = archive.ar; includeInIndex = 0; path = libPods.a; sourceTree = BUILT_PRODUCTS_DIR; };
/* End PBXFileReference section */

/* Begin PBXFrameworksBuildPhase section */
		249268EF1CB364F800AB34D6 /* Frameworks */ = {
			isa = PBXFrameworksBuildPhase;
			buildActionMask = 2147483647;
			files = (
				0EB2177AD3B602D9B1C7DE0A /* libPods.a in Frameworks */,
			);
			runOnlyForDeploymentPostprocessing = 0;
		};
		249269081CB364F800AB34D6 /* Frameworks */ = {
			isa = PBXFrameworksBuildPhase;
			buildActionMask = 2147483647;
			files = (
			);
			runOnlyForDeploymentPostprocessing = 0;
		};
		249269131CB364F900AB34D6 /* Frameworks */ = {
			isa = PBXFrameworksBuildPhase;
			buildActionMask = 2147483647;
			files = (
			);
			runOnlyForDeploymentPostprocessing = 0;
		};
/* End PBXFrameworksBuildPhase section */

/* Begin PBXGroup section */
		241784FC1CB38E580083BF43 /* Category */ = {
			isa = PBXGroup;
			children = (
				241784FD1CB38E580083BF43 /* NSString+More.h */,
				241784FE1CB38E580083BF43 /* NSString+More.m */,
				241784FF1CB38E580083BF43 /* UILabel+StringFrame.h */,
				241785001CB38E580083BF43 /* UILabel+StringFrame.m */,
				241785011CB38E580083BF43 /* UITextView+PlaceHolder.h */,
				241785021CB38E580083BF43 /* UITextView+PlaceHolder.m */,
				241785031CB38E580083BF43 /* UIView+RGSize.h */,
				241785041CB38E580083BF43 /* UIView+RGSize.m */,
			);
			path = Category;
			sourceTree = "<group>";
		};
		241785051CB38E580083BF43 /* External */ = {
			isa = PBXGroup;
			children = (
				244262C21CC7653F0024550F /* JLSlider */,
				2417850A1CB38E580083BF43 /* JLCache */,
				241785121CB38E580083BF43 /* TableRefresh */,
				241785151CB38E580083BF43 /* TipsView */,
			);
			path = External;
			sourceTree = "<group>";
		};
		2417850A1CB38E580083BF43 /* JLCache */ = {
			isa = PBXGroup;
			children = (
				2417850B1CB38E580083BF43 /* JLCache.h */,
				2417850C1CB38E580083BF43 /* JLCache.m */,
				2417850D1CB38E580083BF43 /* StorageCache.h */,
				2417850E1CB38E580083BF43 /* StorageCache.m */,
			);
			path = JLCache;
			sourceTree = "<group>";
		};
		241785121CB38E580083BF43 /* TableRefresh */ = {
			isa = PBXGroup;
			children = (
				241785131CB38E580083BF43 /* TableRefresh.h */,
				241785141CB38E580083BF43 /* TableRefresh.m */,
			);
			path = TableRefresh;
			sourceTree = "<group>";
		};
		241785151CB38E580083BF43 /* TipsView */ = {
			isa = PBXGroup;
			children = (
				241785161CB38E580083BF43 /* JLTipsView.h */,
				241785171CB38E580083BF43 /* JLTipsView.m */,
			);
			path = TipsView;
			sourceTree = "<group>";
		};
		241785181CB38E580083BF43 /* Utilities */ = {
			isa = PBXGroup;
			children = (
				241785191CB38E580083BF43 /* TimeUtils.h */,
				2417851A1CB38E580083BF43 /* TimeUtils.m */,
			);
			path = Utilities;
			sourceTree = "<group>";
		};
		241785271CB38E620083BF43 /* HCBSYSTEM */ = {
			isa = PBXGroup;
			children = (
				2417853E1CB38E620083BF43 /* Models */,
				241785451CB38E620083BF43 /* Views */,
				241785281CB38E620083BF43 /* Controller */,
				241785411CB38E620083BF43 /* NetWorkManager */,
			);
			path = HCBSYSTEM;
			sourceTree = "<group>";
		};
		241785281CB38E620083BF43 /* Controller */ = {
			isa = PBXGroup;
			children = (
				2417852A1CB38E620083BF43 /* BaseVController */,
				2417852D1CB38E620083BF43 /* NavigationClass */,
				241785521CB38F690083BF43 /* CarBarn */,
				241785291CB38E620083BF43 /* AlertCenter */,
				241785301CB38E620083BF43 /* Profile */,
			);
			path = Controller;
			sourceTree = "<group>";
		};
		241785291CB38E620083BF43 /* AlertCenter */ = {
			isa = PBXGroup;
			children = (
				243451241CC5D7920061D66E /* MessageCenterVC.h */,
				243451251CC5D7920061D66E /* MessageCenterVC.m */,
			);
			path = AlertCenter;
			sourceTree = "<group>";
		};
		2417852A1CB38E620083BF43 /* BaseVController */ = {
			isa = PBXGroup;
			children = (
				2417852B1CB38E620083BF43 /* BaseVController.h */,
				2417852C1CB38E620083BF43 /* BaseVController.m */,
			);
			path = BaseVController;
			sourceTree = "<group>";
		};
		2417852D1CB38E620083BF43 /* NavigationClass */ = {
			isa = PBXGroup;
			children = (
				2417852E1CB38E620083BF43 /* RootNaviVCtroller.h */,
				2417852F1CB38E620083BF43 /* RootNaviVCtroller.m */,
			);
			path = NavigationClass;
			sourceTree = "<group>";
		};
		241785301CB38E620083BF43 /* Profile */ = {
			isa = PBXGroup;
			children = (
				241785311CB38E620083BF43 /* Login.h */,
				241785321CB38E620083BF43 /* Login.m */,
				241785331CB38E620083BF43 /* ProfileVController.h */,
				241785341CB38E620083BF43 /* ProfileVController.m */,
				241785351CB38E620083BF43 /* SetUpVController.h */,
				241785361CB38E620083BF43 /* SetUpVController.m */,
				241785371CB38E620083BF43 /* SetUpVController.xib */,
				247555151CCA0E0A00299331 /* ResetPwdVC.h */,
				247555161CCA0E0A00299331 /* ResetPwdVC.m */,
				247555171CCA0E0A00299331 /* ResetPwdVC.xib */,
				2475551A1CCA12E200299331 /* MessagePushVC.h */,
				2475551B1CCA12E200299331 /* MessagePushVC.m */,
				2475551C1CCA12E200299331 /* MessagePushVC.xib */,
				2475550B1CCA014500299331 /* AboutVController.h */,
				2475550C1CCA014500299331 /* AboutVController.m */,
				2475550D1CCA014500299331 /* AboutVController.xib */,
				247555101CCA017A00299331 /* FeedbackVController.h */,
				247555111CCA017A00299331 /* FeedbackVController.m */,
				247555121CCA017A00299331 /* FeedbackVController.xib */,
				241785381CB38E620083BF43 /* UserInfoVController.h */,
				241785391CB38E620083BF43 /* UserInfoVController.m */,
				2417853A1CB38E620083BF43 /* UserInfoVController.xib */,
				2417853B1CB38E620083BF43 /* UserLoginVController.h */,
				2417853C1CB38E620083BF43 /* UserLoginVController.m */,
				2417853D1CB38E620083BF43 /* UserLoginVController.xib */,
			);
			path = Profile;
			sourceTree = "<group>";
		};
		2417853E1CB38E620083BF43 /* Models */ = {
			isa = PBXGroup;
			children = (
				2417853F1CB38E620083BF43 /* DataModels.h */,
				241785401CB38E620083BF43 /* DataModels.m */,
			);
			path = Models;
			sourceTree = "<group>";
		};
		241785411CB38E620083BF43 /* NetWorkManager */ = {
			isa = PBXGroup;
			children = (
				241785421CB38E620083BF43 /* AFNetworkManager.h */,
				241785431CB38E620083BF43 /* AFNetworkManager.m */,
				241785441CB38E620083BF43 /* URLConstants.h */,
			);
			path = NetWorkManager;
			sourceTree = "<group>";
		};
		241785451CB38E620083BF43 /* Views */ = {
			isa = PBXGroup;
			children = (
				243F30D91CB4B83400E4B66F /* TruckInfoTableCell.h */,
				243F30DA1CB4B83400E4B66F /* TruckInfoTableCell.m */,
				243F30DB1CB4B83400E4B66F /* TruckInfoTableCell.xib */,
				241F61731CBF8194008F56A5 /* CustomAnnotationView.h */,
				241F61741CBF8194008F56A5 /* CustomAnnotationView.m */,
				241F61761CBF9696008F56A5 /* CustomAnnotationView.xib */,
				243451271CC5F3760061D66E /* MessageTableCell.h */,
				243451281CC5F3760061D66E /* MessageTableCell.m */,
				243451291CC5F3760061D66E /* MessageTableCell.xib */,
				244262BD1CC71E220024550F /* ProfileHeaderView.h */,
				244262BE1CC71E220024550F /* ProfileHeaderView.m */,
				244262C01CC71E340024550F /* ProfileHeaderView.xib */,
				2475551F1CCA159B00299331 /* MsgPushTableCell.h */,
				247555201CCA159B00299331 /* MsgPushTableCell.m */,
				247555211CCA159B00299331 /* MsgPushTableCell.xib */,
			);
			path = Views;
			sourceTree = "<group>";
		};
		241785521CB38F690083BF43 /* CarBarn */ = {
			isa = PBXGroup;
			children = (
				243F30D61CB4B33B00E4B66F /* CarBarnVController.h */,
				243F30D71CB4B33B00E4B66F /* CarBarnVController.m */,
				24413E6D1CC8B5DC00ADBA0F /* TruckOnMapVC.h */,
				24413E6E1CC8B5DC00ADBA0F /* TruckOnMapVC.m */,
				241F61701CBF7D88008F56A5 /* CustomAnnotation.h */,
				241F61711CBF7D88008F56A5 /* CustomAnnotation.m */,
				243F30DE1CB5040100E4B66F /* TracePlayVController.h */,
				243F30DF1CB5040100E4B66F /* TracePlayVController.m */,
				243F30E01CB5040100E4B66F /* TracePlayVController.xib */,
				241F61781CBFA232008F56A5 /* TruckInfoVC.h */,
				241F61791CBFA232008F56A5 /* TruckInfoVC.m */,
				241F617A1CBFA232008F56A5 /* TruckInfoVC.xib */,
			);
			path = CarBarn;
			sourceTree = "<group>";
		};
		244262C21CC7653F0024550F /* JLSlider */ = {
			isa = PBXGroup;
			children = (
				244262C31CC7653F0024550F /* JLSlider.h */,
				244262C41CC7653F0024550F /* JLSlider.m */,
			);
			path = JLSlider;
			sourceTree = "<group>";
		};
		249268E91CB364F800AB34D6 = {
			isa = PBXGroup;
			children = (
				249268F41CB364F800AB34D6 /* HCBSYSTEM */,
				2492690E1CB364F800AB34D6 /* HCBSYSTEMTests */,
				249269191CB364F900AB34D6 /* HCBSYSTEMUITests */,
				249268F31CB364F800AB34D6 /* Products */,
				E51ADDAC7927ABE327A21ECA /* Pods */,
				A28451334DC986C6D909EB3A /* Frameworks */,
			);
			sourceTree = "<group>";
		};
		249268F31CB364F800AB34D6 /* Products */ = {
			isa = PBXGroup;
			children = (
				249268F21CB364F800AB34D6 /* HCBSYSTEM.app */,
				2492690B1CB364F800AB34D6 /* HCBSYSTEMTests.xctest */,
				249269161CB364F900AB34D6 /* HCBSYSTEMUITests.xctest */,
			);
			name = Products;
			sourceTree = "<group>";
		};
		249268F41CB364F800AB34D6 /* HCBSYSTEM */ = {
			isa = PBXGroup;
			children = (
				249268F81CB364F800AB34D6 /* AppDelegate.h */,
				249268F91CB364F800AB34D6 /* AppDelegate.m */,
				249268FB1CB364F800AB34D6 /* MainTabBarVC.h */,
				249268FC1CB364F800AB34D6 /* MainTabBarVC.m */,
				249268FE1CB364F800AB34D6 /* Main.storyboard */,
				241785271CB38E620083BF43 /* HCBSYSTEM */,
				241784FC1CB38E580083BF43 /* Category */,
				241785051CB38E580083BF43 /* External */,
				241785181CB38E580083BF43 /* Utilities */,
				249269011CB364F800AB34D6 /* Assets.xcassets */,
				249268F51CB364F800AB34D6 /* Supporting Files */,
			);
			path = HCBSYSTEM;
			sourceTree = "<group>";
		};
		249268F51CB364F800AB34D6 /* Supporting Files */ = {
			isa = PBXGroup;
			children = (
				241785531CB396430083BF43 /* CarManage.pch */,
				249269031CB364F800AB34D6 /* LaunchScreen.storyboard */,
				249269061CB364F800AB34D6 /* Info.plist */,
				249268F61CB364F800AB34D6 /* main.m */,
			);
			name = "Supporting Files";
			sourceTree = "<group>";
		};
		2492690E1CB364F800AB34D6 /* HCBSYSTEMTests */ = {
			isa = PBXGroup;
			children = (
				2492690F1CB364F800AB34D6 /* HCBSYSTEMTests.m */,
				249269111CB364F800AB34D6 /* Info.plist */,
			);
			path = HCBSYSTEMTests;
			sourceTree = "<group>";
		};
		249269191CB364F900AB34D6 /* HCBSYSTEMUITests */ = {
			isa = PBXGroup;
			children = (
				2492691A1CB364F900AB34D6 /* HCBSYSTEMUITests.m */,
				2492691C1CB364F900AB34D6 /* Info.plist */,
			);
			path = HCBSYSTEMUITests;
			sourceTree = "<group>";
		};
		A28451334DC986C6D909EB3A /* Frameworks */ = {
			isa = PBXGroup;
			children = (
				D3068A36ED7B1598FD8BC907 /* libPods.a */,
			);
			name = Frameworks;
			sourceTree = "<group>";
		};
		E51ADDAC7927ABE327A21ECA /* Pods */ = {
			isa = PBXGroup;
			children = (
				A64C76452DC0F5CDFD8DAA86 /* Pods.debug.xcconfig */,
				CC8CFE6ADAA14105E6150C8A /* Pods.release.xcconfig */,
			);
			name = Pods;
			sourceTree = "<group>";
		};
/* End PBXGroup section */

/* Begin PBXNativeTarget section */
		249268F11CB364F800AB34D6 /* HCBSYSTEM */ = {
			isa = PBXNativeTarget;
			buildConfigurationList = 2492691F1CB364F900AB34D6 /* Build configuration list for PBXNativeTarget "HCBSYSTEM" */;
			buildPhases = (
				362F1EE1B002579997C7DD4F /* Check Pods Manifest.lock */,
				249268EE1CB364F800AB34D6 /* Sources */,
				249268EF1CB364F800AB34D6 /* Frameworks */,
				249268F01CB364F800AB34D6 /* Resources */,
				115482190BBF78995D262397 /* Embed Pods Frameworks */,
				5D7780A0B7897FE5776656B3 /* Copy Pods Resources */,
			);
			buildRules = (
			);
			dependencies = (
			);
			name = HCBSYSTEM;
			productName = HCBSYSTEM;
			productReference = 249268F21CB364F800AB34D6 /* HCBSYSTEM.app */;
			productType = "com.apple.product-type.application";
		};
		2492690A1CB364F800AB34D6 /* HCBSYSTEMTests */ = {
			isa = PBXNativeTarget;
			buildConfigurationList = 249269221CB364F900AB34D6 /* Build configuration list for PBXNativeTarget "HCBSYSTEMTests" */;
			buildPhases = (
				249269071CB364F800AB34D6 /* Sources */,
				249269081CB364F800AB34D6 /* Frameworks */,
				249269091CB364F800AB34D6 /* Resources */,
			);
			buildRules = (
			);
			dependencies = (
				2492690D1CB364F800AB34D6 /* PBXTargetDependency */,
			);
			name = HCBSYSTEMTests;
			productName = HCBSYSTEMTests;
			productReference = 2492690B1CB364F800AB34D6 /* HCBSYSTEMTests.xctest */;
			productType = "com.apple.product-type.bundle.unit-test";
		};
		249269151CB364F900AB34D6 /* HCBSYSTEMUITests */ = {
			isa = PBXNativeTarget;
			buildConfigurationList = 249269251CB364F900AB34D6 /* Build configuration list for PBXNativeTarget "HCBSYSTEMUITests" */;
			buildPhases = (
				249269121CB364F900AB34D6 /* Sources */,
				249269131CB364F900AB34D6 /* Frameworks */,
				249269141CB364F900AB34D6 /* Resources */,
			);
			buildRules = (
			);
			dependencies = (
				249269181CB364F900AB34D6 /* PBXTargetDependency */,
			);
			name = HCBSYSTEMUITests;
			productName = HCBSYSTEMUITests;
			productReference = 249269161CB364F900AB34D6 /* HCBSYSTEMUITests.xctest */;
			productType = "com.apple.product-type.bundle.ui-testing";
		};
/* End PBXNativeTarget section */

/* Begin PBXProject section */
		249268EA1CB364F800AB34D6 /* Project object */ = {
			isa = PBXProject;
			attributes = {
				LastUpgradeCheck = 0720;
				ORGANIZATIONNAME = itte;
				TargetAttributes = {
					249268F11CB364F800AB34D6 = {
						CreatedOnToolsVersion = 7.2.1;
						DevelopmentTeam = 596V3B72TB;
					};
					2492690A1CB364F800AB34D6 = {
						CreatedOnToolsVersion = 7.2.1;
						TestTargetID = 249268F11CB364F800AB34D6;
					};
					249269151CB364F900AB34D6 = {
						CreatedOnToolsVersion = 7.2.1;
						TestTargetID = 249268F11CB364F800AB34D6;
					};
				};
			};
			buildConfigurationList = 249268ED1CB364F800AB34D6 /* Build configuration list for PBXProject "HCBSYSTEM" */;
			compatibilityVersion = "Xcode 3.2";
			developmentRegion = English;
			hasScannedForEncodings = 0;
			knownRegions = (
				en,
				Base,
			);
			mainGroup = 249268E91CB364F800AB34D6;
			productRefGroup = 249268F31CB364F800AB34D6 /* Products */;
			projectDirPath = "";
			projectRoot = "";
			targets = (
				249268F11CB364F800AB34D6 /* HCBSYSTEM */,
				2492690A1CB364F800AB34D6 /* HCBSYSTEMTests */,
				249269151CB364F900AB34D6 /* HCBSYSTEMUITests */,
			);
		};
/* End PBXProject section */

/* Begin PBXResourcesBuildPhase section */
		249268F01CB364F800AB34D6 /* Resources */ = {
			isa = PBXResourcesBuildPhase;
			buildActionMask = 2147483647;
			files = (
				2475551E1CCA12E200299331 /* MessagePushVC.xib in Resources */,
				243F30E21CB5040100E4B66F /* TracePlayVController.xib in Resources */,
				249269051CB364F800AB34D6 /* LaunchScreen.storyboard in Resources */,
				249269021CB364F800AB34D6 /* Assets.xcassets in Resources */,
				243F30DD1CB4B83400E4B66F /* TruckInfoTableCell.xib in Resources */,
				2417854D1CB38E620083BF43 /* UserInfoVController.xib in Resources */,
				247555191CCA0E0A00299331 /* ResetPwdVC.xib in Resources */,
				2475550F1CCA014500299331 /* AboutVController.xib in Resources */,
				241F61771CBF9696008F56A5 /* CustomAnnotationView.xib in Resources */,
				247555141CCA017A00299331 /* FeedbackVController.xib in Resources */,
				2417854F1CB38E620083BF43 /* UserLoginVController.xib in Resources */,
				244262C11CC71E340024550F /* ProfileHeaderView.xib in Resources */,
				2417854B1CB38E620083BF43 /* SetUpVController.xib in Resources */,
				247555231CCA159B00299331 /* MsgPushTableCell.xib in Resources */,
				2434512B1CC5F3760061D66E /* MessageTableCell.xib in Resources */,
				241F617C1CBFA232008F56A5 /* TruckInfoVC.xib in Resources */,
				249269001CB364F800AB34D6 /* Main.storyboard in Resources */,
			);
			runOnlyForDeploymentPostprocessing = 0;
		};
		249269091CB364F800AB34D6 /* Resources */ = {
			isa = PBXResourcesBuildPhase;
			buildActionMask = 2147483647;
			files = (
			);
			runOnlyForDeploymentPostprocessing = 0;
		};
		249269141CB364F900AB34D6 /* Resources */ = {
			isa = PBXResourcesBuildPhase;
			buildActionMask = 2147483647;
			files = (
			);
			runOnlyForDeploymentPostprocessing = 0;
		};
/* End PBXResourcesBuildPhase section */

/* Begin PBXShellScriptBuildPhase section */
		115482190BBF78995D262397 /* Embed Pods Frameworks */ = {
			isa = PBXShellScriptBuildPhase;
			buildActionMask = 2147483647;
			files = (
			);
			inputPaths = (
			);
			name = "Embed Pods Frameworks";
			outputPaths = (
			);
			runOnlyForDeploymentPostprocessing = 0;
			shellPath = /bin/sh;
			shellScript = "\"${SRCROOT}/Pods/Target Support Files/Pods/Pods-frameworks.sh\"\n";
			showEnvVarsInLog = 0;
		};
		362F1EE1B002579997C7DD4F /* Check Pods Manifest.lock */ = {
			isa = PBXShellScriptBuildPhase;
			buildActionMask = 2147483647;
			files = (
			);
			inputPaths = (
			);
			name = "Check Pods Manifest.lock";
			outputPaths = (
			);
			runOnlyForDeploymentPostprocessing = 0;
			shellPath = /bin/sh;
			shellScript = "diff \"${PODS_ROOT}/../Podfile.lock\" \"${PODS_ROOT}/Manifest.lock\" > /dev/null\nif [[ $? != 0 ]] ; then\n    cat << EOM\nerror: The sandbox is not in sync with the Podfile.lock. Run 'pod install' or update your CocoaPods installation.\nEOM\n    exit 1\nfi\n";
			showEnvVarsInLog = 0;
		};
		5D7780A0B7897FE5776656B3 /* Copy Pods Resources */ = {
			isa = PBXShellScriptBuildPhase;
			buildActionMask = 2147483647;
			files = (
			);
			inputPaths = (
			);
			name = "Copy Pods Resources";
			outputPaths = (
			);
			runOnlyForDeploymentPostprocessing = 0;
			shellPath = /bin/sh;
			shellScript = "\"${SRCROOT}/Pods/Target Support Files/Pods/Pods-resources.sh\"\n";
			showEnvVarsInLog = 0;
		};
/* End PBXShellScriptBuildPhase section */

/* Begin PBXSourcesBuildPhase section */
		249268EE1CB364F800AB34D6 /* Sources */ = {
			isa = PBXSourcesBuildPhase;
			buildActionMask = 2147483647;
			files = (
				2475551D1CCA12E200299331 /* MessagePushVC.m in Sources */,
				2417854E1CB38E620083BF43 /* UserLoginVController.m in Sources */,
				241785261CB38E580083BF43 /* TimeUtils.m in Sources */,
				247555221CCA159B00299331 /* MsgPushTableCell.m in Sources */,
				2475550E1CCA014500299331 /* AboutVController.m in Sources */,
				2417851B1CB38E580083BF43 /* NSString+More.m in Sources */,
				241785251CB38E580083BF43 /* JLTipsView.m in Sources */,
				241785461CB38E620083BF43 /* BaseVController.m in Sources */,
				241F61721CBF7D88008F56A5 /* CustomAnnotation.m in Sources */,
				24413E701CC8B5DC00ADBA0F /* TruckOnMapVC.m in Sources */,
				241785481CB38E620083BF43 /* Login.m in Sources */,
				241785511CB38E620083BF43 /* AFNetworkManager.m in Sources */,
				241785501CB38E620083BF43 /* DataModels.m in Sources */,
				243F30E11CB5040100E4B66F /* TracePlayVController.m in Sources */,
				244262C51CC7653F0024550F /* JLSlider.m in Sources */,
				241785491CB38E620083BF43 /* ProfileVController.m in Sources */,
				241785211CB38E580083BF43 /* JLCache.m in Sources */,
				247555181CCA0E0A00299331 /* ResetPwdVC.m in Sources */,
				2417851D1CB38E580083BF43 /* UITextView+PlaceHolder.m in Sources */,
				241785241CB38E580083BF43 /* TableRefresh.m in Sources */,
				2417851E1CB38E580083BF43 /* UIView+RGSize.m in Sources */,
				249268FD1CB364F800AB34D6 /* MainTabBarVC.m in Sources */,
				2417854C1CB38E620083BF43 /* UserInfoVController.m in Sources */,
				241F61751CBF8194008F56A5 /* CustomAnnotationView.m in Sources */,
				2417854A1CB38E620083BF43 /* SetUpVController.m in Sources */,
				244262BF1CC71E220024550F /* ProfileHeaderView.m in Sources */,
				247555131CCA017A00299331 /* FeedbackVController.m in Sources */,
				241785221CB38E580083BF43 /* StorageCache.m in Sources */,
				249268FA1CB364F800AB34D6 /* AppDelegate.m in Sources */,
				243F30D81CB4B33B00E4B66F /* CarBarnVController.m in Sources */,
				2434512A1CC5F3760061D66E /* MessageTableCell.m in Sources */,
				241F617B1CBFA232008F56A5 /* TruckInfoVC.m in Sources */,
				241785471CB38E620083BF43 /* RootNaviVCtroller.m in Sources */,
				2417851C1CB38E580083BF43 /* UILabel+StringFrame.m in Sources */,
				249268F71CB364F800AB34D6 /* main.m in Sources */,
				243F30DC1CB4B83400E4B66F /* TruckInfoTableCell.m in Sources */,
				243451261CC5D7920061D66E /* MessageCenterVC.m in Sources */,
			);
			runOnlyForDeploymentPostprocessing = 0;
		};
		249269071CB364F800AB34D6 /* Sources */ = {
			isa = PBXSourcesBuildPhase;
			buildActionMask = 2147483647;
			files = (
				249269101CB364F800AB34D6 /* HCBSYSTEMTests.m in Sources */,
			);
			runOnlyForDeploymentPostprocessing = 0;
		};
		249269121CB364F900AB34D6 /* Sources */ = {
			isa = PBXSourcesBuildPhase;
			buildActionMask = 2147483647;
			files = (
				2492691B1CB364F900AB34D6 /* HCBSYSTEMUITests.m in Sources */,
			);
			runOnlyForDeploymentPostprocessing = 0;
		};
/* End PBXSourcesBuildPhase section */

/* Begin PBXTargetDependency section */
		2492690D1CB364F800AB34D6 /* PBXTargetDependency */ = {
			isa = PBXTargetDependency;
			target = 249268F11CB364F800AB34D6 /* HCBSYSTEM */;
			targetProxy = 2492690C1CB364F800AB34D6 /* PBXContainerItemProxy */;
		};
		249269181CB364F900AB34D6 /* PBXTargetDependency */ = {
			isa = PBXTargetDependency;
			target = 249268F11CB364F800AB34D6 /* HCBSYSTEM */;
			targetProxy = 249269171CB364F900AB34D6 /* PBXContainerItemProxy */;
		};
/* End PBXTargetDependency section */

/* Begin PBXVariantGroup section */
		249268FE1CB364F800AB34D6 /* Main.storyboard */ = {
			isa = PBXVariantGroup;
			children = (
				249268FF1CB364F800AB34D6 /* Base */,
			);
			name = Main.storyboard;
			sourceTree = "<group>";
		};
		249269031CB364F800AB34D6 /* LaunchScreen.storyboard */ = {
			isa = PBXVariantGroup;
			children = (
				249269041CB364F800AB34D6 /* Base */,
			);
			name = LaunchScreen.storyboard;
			sourceTree = "<group>";
		};
/* End PBXVariantGroup section */

/* Begin XCBuildConfiguration section */
		2492691D1CB364F900AB34D6 /* Debug */ = {
			isa = XCBuildConfiguration;
			buildSettings = {
				ALWAYS_SEARCH_USER_PATHS = NO;
				CLANG_CXX_LANGUAGE_STANDARD = "gnu++0x";
				CLANG_CXX_LIBRARY = "libc++";
				CLANG_ENABLE_MODULES = YES;
				CLANG_ENABLE_OBJC_ARC = YES;
				CLANG_WARN_BOOL_CONVERSION = YES;
				CLANG_WARN_CONSTANT_CONVERSION = YES;
				CLANG_WARN_DIRECT_OBJC_ISA_USAGE = YES_ERROR;
				CLANG_WARN_EMPTY_BODY = YES;
				CLANG_WARN_ENUM_CONVERSION = YES;
				CLANG_WARN_INT_CONVERSION = YES;
				CLANG_WARN_OBJC_ROOT_CLASS = YES_ERROR;
				CLANG_WARN_UNREACHABLE_CODE = YES;
				CLANG_WARN__DUPLICATE_METHOD_MATCH = YES;
				"CODE_SIGN_IDENTITY[sdk=iphoneos*]" = "iPhone Developer";
				COPY_PHASE_STRIP = NO;
				DEBUG_INFORMATION_FORMAT = dwarf;
				ENABLE_STRICT_OBJC_MSGSEND = YES;
				ENABLE_TESTABILITY = YES;
				GCC_C_LANGUAGE_STANDARD = gnu99;
				GCC_DYNAMIC_NO_PIC = NO;
				GCC_NO_COMMON_BLOCKS = YES;
				GCC_OPTIMIZATION_LEVEL = 0;
				GCC_PREPROCESSOR_DEFINITIONS = (
					"DEBUG=1",
					"$(inherited)",
				);
				GCC_WARN_64_TO_32_BIT_CONVERSION = YES;
				GCC_WARN_ABOUT_RETURN_TYPE = YES_ERROR;
				GCC_WARN_UNDECLARED_SELECTOR = YES;
				GCC_WARN_UNINITIALIZED_AUTOS = YES_AGGRESSIVE;
				GCC_WARN_UNUSED_FUNCTION = YES;
				GCC_WARN_UNUSED_VARIABLE = YES;
				IPHONEOS_DEPLOYMENT_TARGET = 9.2;
				MTL_ENABLE_DEBUG_INFO = YES;
				ONLY_ACTIVE_ARCH = YES;
				SDKROOT = iphoneos;
			};
			name = Debug;
		};
		2492691E1CB364F900AB34D6 /* Release */ = {
			isa = XCBuildConfiguration;
			buildSettings = {
				ALWAYS_SEARCH_USER_PATHS = NO;
				CLANG_CXX_LANGUAGE_STANDARD = "gnu++0x";
				CLANG_CXX_LIBRARY = "libc++";
				CLANG_ENABLE_MODULES = YES;
				CLANG_ENABLE_OBJC_ARC = YES;
				CLANG_WARN_BOOL_CONVERSION = YES;
				CLANG_WARN_CONSTANT_CONVERSION = YES;
				CLANG_WARN_DIRECT_OBJC_ISA_USAGE = YES_ERROR;
				CLANG_WARN_EMPTY_BODY = YES;
				CLANG_WARN_ENUM_CONVERSION = YES;
				CLANG_WARN_INT_CONVERSION = YES;
				CLANG_WARN_OBJC_ROOT_CLASS = YES_ERROR;
				CLANG_WARN_UNREACHABLE_CODE = YES;
				CLANG_WARN__DUPLICATE_METHOD_MATCH = YES;
				"CODE_SIGN_IDENTITY[sdk=iphoneos*]" = "iPhone Developer";
				COPY_PHASE_STRIP = NO;
				DEBUG_INFORMATION_FORMAT = "dwarf-with-dsym";
				ENABLE_NS_ASSERTIONS = NO;
				ENABLE_STRICT_OBJC_MSGSEND = YES;
				GCC_C_LANGUAGE_STANDARD = gnu99;
				GCC_NO_COMMON_BLOCKS = YES;
				GCC_WARN_64_TO_32_BIT_CONVERSION = YES;
				GCC_WARN_ABOUT_RETURN_TYPE = YES_ERROR;
				GCC_WARN_UNDECLARED_SELECTOR = YES;
				GCC_WARN_UNINITIALIZED_AUTOS = YES_AGGRESSIVE;
				GCC_WARN_UNUSED_FUNCTION = YES;
				GCC_WARN_UNUSED_VARIABLE = YES;
				IPHONEOS_DEPLOYMENT_TARGET = 9.2;
				MTL_ENABLE_DEBUG_INFO = NO;
				SDKROOT = iphoneos;
				VALIDATE_PRODUCT = YES;
			};
			name = Release;
		};
		249269201CB364F900AB34D6 /* Debug */ = {
			isa = XCBuildConfiguration;
			baseConfigurationReference = A64C76452DC0F5CDFD8DAA86 /* Pods.debug.xcconfig */;
			buildSettings = {
				ASSETCATALOG_COMPILER_APPICON_NAME = AppIcon;
				CODE_SIGN_IDENTITY = "iPhone Developer";
				"CODE_SIGN_IDENTITY[sdk=iphoneos*]" = "iPhone Developer";
				ENABLE_BITCODE = NO;
				GCC_PRECOMPILE_PREFIX_HEADER = YES;
				GCC_PREFIX_HEADER = "$(SRCROOT)/HCBSYSTEM/CarManage.pch";
				INFOPLIST_FILE = HCBSYSTEM/Info.plist;
				IPHONEOS_DEPLOYMENT_TARGET = 7.1;
				LD_RUNPATH_SEARCH_PATHS = "$(inherited) @executable_path/Frameworks";
				PRODUCT_BUNDLE_IDENTIFIER = itte.HCBSYSTEM;
				PRODUCT_NAME = "$(TARGET_NAME)";
			};
			name = Debug;
		};
		249269211CB364F900AB34D6 /* Release */ = {
			isa = XCBuildConfiguration;
			baseConfigurationReference = CC8CFE6ADAA14105E6150C8A /* Pods.release.xcconfig */;
			buildSettings = {
				ASSETCATALOG_COMPILER_APPICON_NAME = AppIcon;
				CODE_SIGN_IDENTITY = "iPhone Developer";
				ENABLE_BITCODE = NO;
				GCC_PRECOMPILE_PREFIX_HEADER = YES;
				GCC_PREFIX_HEADER = "$(SRCROOT)/HCBSYSTEM/CarManage.pch";
				INFOPLIST_FILE = HCBSYSTEM/Info.plist;
				IPHONEOS_DEPLOYMENT_TARGET = 7.1;
				LD_RUNPATH_SEARCH_PATHS = "$(inherited) @executable_path/Frameworks";
				PRODUCT_BUNDLE_IDENTIFIER = itte.HCBSYSTEM;
				PRODUCT_NAME = "$(TARGET_NAME)";
			};
			name = Release;
		};
		249269231CB364F900AB34D6 /* Debug */ = {
			isa = XCBuildConfiguration;
			buildSettings = {
				BUNDLE_LOADER = "$(TEST_HOST)";
				INFOPLIST_FILE = HCBSYSTEMTests/Info.plist;
				LD_RUNPATH_SEARCH_PATHS = "$(inherited) @executable_path/Frameworks @loader_path/Frameworks";
				PRODUCT_BUNDLE_IDENTIFIER = itte.HCBSYSTEMTests;
				PRODUCT_NAME = "$(TARGET_NAME)";
				TEST_HOST = "$(BUILT_PRODUCTS_DIR)/HCBSYSTEM.app/HCBSYSTEM";
			};
			name = Debug;
		};
		249269241CB364F900AB34D6 /* Release */ = {
			isa = XCBuildConfiguration;
			buildSettings = {
				BUNDLE_LOADER = "$(TEST_HOST)";
				INFOPLIST_FILE = HCBSYSTEMTests/Info.plist;
				LD_RUNPATH_SEARCH_PATHS = "$(inherited) @executable_path/Frameworks @loader_path/Frameworks";
				PRODUCT_BUNDLE_IDENTIFIER = itte.HCBSYSTEMTests;
				PRODUCT_NAME = "$(TARGET_NAME)";
				TEST_HOST = "$(BUILT_PRODUCTS_DIR)/HCBSYSTEM.app/HCBSYSTEM";
			};
			name = Release;
		};
		249269261CB364F900AB34D6 /* Debug */ = {
			isa = XCBuildConfiguration;
			buildSettings = {
				INFOPLIST_FILE = HCBSYSTEMUITests/Info.plist;
				LD_RUNPATH_SEARCH_PATHS = "$(inherited) @executable_path/Frameworks @loader_path/Frameworks";
				PRODUCT_BUNDLE_IDENTIFIER = itte.HCBSYSTEMUITests;
				PRODUCT_NAME = "$(TARGET_NAME)";
				TEST_TARGET_NAME = HCBSYSTEM;
				USES_XCTRUNNER = YES;
			};
			name = Debug;
		};
		249269271CB364F900AB34D6 /* Release */ = {
			isa = XCBuildConfiguration;
			buildSettings = {
				INFOPLIST_FILE = HCBSYSTEMUITests/Info.plist;
				LD_RUNPATH_SEARCH_PATHS = "$(inherited) @executable_path/Frameworks @loader_path/Frameworks";
				PRODUCT_BUNDLE_IDENTIFIER = itte.HCBSYSTEMUITests;
				PRODUCT_NAME = "$(TARGET_NAME)";
				TEST_TARGET_NAME = HCBSYSTEM;
				USES_XCTRUNNER = YES;
			};
			name = Release;
		};
/* End XCBuildConfiguration section */

/* Begin XCConfigurationList section */
		249268ED1CB364F800AB34D6 /* Build configuration list for PBXProject "HCBSYSTEM" */ = {
			isa = XCConfigurationList;
			buildConfigurations = (
				2492691D1CB364F900AB34D6 /* Debug */,
				2492691E1CB364F900AB34D6 /* Release */,
			);
			defaultConfigurationIsVisible = 0;
			defaultConfigurationName = Release;
		};
		2492691F1CB364F900AB34D6 /* Build configuration list for PBXNativeTarget "HCBSYSTEM" */ = {
			isa = XCConfigurationList;
			buildConfigurations = (
				249269201CB364F900AB34D6 /* Debug */,
				249269211CB364F900AB34D6 /* Release */,
			);
			defaultConfigurationIsVisible = 0;
			defaultConfigurationName = Release;
		};
		249269221CB364F900AB34D6 /* Build configuration list for PBXNativeTarget "HCBSYSTEMTests" */ = {
			isa = XCConfigurationList;
			buildConfigurations = (
				249269231CB364F900AB34D6 /* Debug */,
				249269241CB364F900AB34D6 /* Release */,
			);
			defaultConfigurationIsVisible = 0;
			defaultConfigurationName = Release;
		};
		249269251CB364F900AB34D6 /* Build configuration list for PBXNativeTarget "HCBSYSTEMUITests" */ = {
			isa = XCConfigurationList;
			buildConfigurations = (
				249269261CB364F900AB34D6 /* Debug */,
				249269271CB364F900AB34D6 /* Release */,
			);
			defaultConfigurationIsVisible = 0;
			defaultConfigurationName = Release;
		};
/* End XCConfigurationList section */
	};
	rootObject = 249268EA1CB364F800AB34D6 /* Project object */;
}
